
Microsoft Visual Studio Solution File, Format Version 12.00
# Visual Studio Version 17
VisualStudioVersion = 17.11.35208.52
MinimumVisualStudioVersion = 10.0.40219.1
Project("{2150E333-8FDC-42A3-9474-1A3956D46DE8}") = "src", "src", "{AFDD7B5F-03A9-4BC6-9EB4-17AB8801D814}"
EndProject
Project("{FAE04EC0-301F-11D3-BF4B-00C04F79EFBC}") = "100Days.AppHost", "src\100Days.AppHost\100Days.AppHost.csproj", "{C1C9B900-BBF9-43A7-8FC2-10361F2DB21F}"
EndProject
Project("{FAE04EC0-301F-11D3-BF4B-00C04F79EFBC}") = "100Days.ServiceDefaults", "src\100Days.ServiceDefaults\100Days.ServiceDefaults.csproj", "{84F61D73-7120-4A5A-9AB3-5B62ECC130D8}"
EndProject
Project("{54A90642-561A-4BB1-A94E-469ADEE60C69}") = "100Days.Client", "src\100Days.Client\100Days.Client.esproj", "{0230C736-F0E0-475B-9466-BA088670417D}"
EndProject
Project("{FAE04EC0-301F-11D3-BF4B-00C04F79EFBC}") = "Auth.Api", "src\Auth.Api\Auth.Api.csproj", "{6DC7EFCA-B7A0-4ED6-9D1A-CBDAEC22A163}"
EndProject
Project("{FAE04EC0-301F-11D3-BF4B-00C04F79EFBC}") = "Auth.Data", "src\Auth.Data\Auth.Data.csproj", "{B34EB700-DBC6-4142-A4D6-946BCF3F7825}"
EndProject
Project("{FAE04EC0-301F-11D3-BF4B-00C04F79EFBC}") = "Auth.MigrationService", "src\Auth.MigrationService\Auth.MigrationService.csproj", "{ADE2604F-F4C2-42DC-933D-607EE1B999BF}"
EndProject
Project("{FAE04EC0-301F-11D3-BF4B-00C04F79EFBC}") = "Goal.Api", "src\Goal.Api\Goal.Api.csproj", "{B0038137-5468-40BE-AD5D-F003AFAA2F67}"
EndProject
Project("{FAE04EC0-301F-11D3-BF4B-00C04F79EFBC}") = "Goal.Data", "src\Goal.Data\Goal.Data.csproj", "{74B000CE-96E0-44F8-920F-16A3FBD280BF}"
EndProject
Project("{FAE04EC0-301F-11D3-BF4B-00C04F79EFBC}") = "Entry.Data", "src\Entry.Data\Entry.Data.csproj", "{53275B17-9C24-453C-9603-24B952F3D183}"
EndProject
Project("{FAE04EC0-301F-11D3-BF4B-00C04F79EFBC}") = "Entry.Api", "src\Entry.Api\Entry.Api.csproj", "{F47636DF-EA4F-4466-B4AB-99C3388E166D}"
EndProject
Project("{FAE04EC0-301F-11D3-BF4B-00C04F79EFBC}") = "Goal.MigrationService", "src\Goal.MigrationService\Goal.MigrationService.csproj", "{E3DDBAA5-25E9-4A34-8C4E-1519D6D01B81}"
EndProject
Project("{FAE04EC0-301F-11D3-BF4B-00C04F79EFBC}") = "Entry.MigrationService", "src\Entry.MigrationService\Entry.MigrationService.csproj", "{A8305482-5CEB-4CC2-9F7E-B61041EE95D0}"
EndProject
Project("{FAE04EC0-301F-11D3-BF4B-00C04F79EFBC}") = "User.Email", "src\User.Email\User.Email.csproj", "{D238888C-E95D-470B-B39A-70459F97C71A}"
EndProject
Project("{FAE04EC0-301F-11D3-BF4B-00C04F79EFBC}") = "100Days.Events", "src\100Days.Events\100Days.Events.csproj", "{F70A48D0-A2D5-46F5-AE91-CF7F9E75B07E}"
EndProject
Global
	GlobalSection(SolutionConfigurationPlatforms) = preSolution
		Debug|Any CPU = Debug|Any CPU
		Release|Any CPU = Release|Any CPU
	EndGlobalSection
	GlobalSection(ProjectConfigurationPlatforms) = postSolution
		{7739EAE5-D8C7-43D0-AD79-F9C7E27E0A3F}.Debug|Any CPU.ActiveCfg = Debug|Any CPU
		{7739EAE5-D8C7-43D0-AD79-F9C7E27E0A3F}.Debug|Any CPU.Build.0 = Debug|Any CPU
		{7739EAE5-D8C7-43D0-AD79-F9C7E27E0A3F}.Release|Any CPU.ActiveCfg = Release|Any CPU
		{7739EAE5-D8C7-43D0-AD79-F9C7E27E0A3F}.Release|Any CPU.Build.0 = Release|Any CPU
		{40B990DC-BF09-459D-8E70-CB34B49AE0AF}.Debug|Any CPU.ActiveCfg = Debug|Any CPU
		{40B990DC-BF09-459D-8E70-CB34B49AE0AF}.Debug|Any CPU.Build.0 = Debug|Any CPU
		{40B990DC-BF09-459D-8E70-CB34B49AE0AF}.Release|Any CPU.ActiveCfg = Release|Any CPU
		{40B990DC-BF09-459D-8E70-CB34B49AE0AF}.Release|Any CPU.Build.0 = Release|Any CPU
		{4BDE1183-2EA9-44F9-B708-05BA8D1C7657}.Debug|Any CPU.ActiveCfg = Debug|Any CPU
		{4BDE1183-2EA9-44F9-B708-05BA8D1C7657}.Debug|Any CPU.Build.0 = Debug|Any CPU
		{4BDE1183-2EA9-44F9-B708-05BA8D1C7657}.Release|Any CPU.ActiveCfg = Release|Any CPU
		{4BDE1183-2EA9-44F9-B708-05BA8D1C7657}.Release|Any CPU.Build.0 = Release|Any CPU
		{349C9C7C-C9E5-493C-8775-0DBCBDC05330}.Debug|Any CPU.ActiveCfg = Debug|Any CPU
		{349C9C7C-C9E5-493C-8775-0DBCBDC05330}.Debug|Any CPU.Build.0 = Debug|Any CPU
		{349C9C7C-C9E5-493C-8775-0DBCBDC05330}.Debug|Any CPU.Deploy.0 = Debug|Any CPU
		{349C9C7C-C9E5-493C-8775-0DBCBDC05330}.Release|Any CPU.ActiveCfg = Release|Any CPU
		{349C9C7C-C9E5-493C-8775-0DBCBDC05330}.Release|Any CPU.Build.0 = Release|Any CPU
		{349C9C7C-C9E5-493C-8775-0DBCBDC05330}.Release|Any CPU.Deploy.0 = Release|Any CPU
		{C1C9B900-BBF9-43A7-8FC2-10361F2DB21F}.Debug|Any CPU.ActiveCfg = Debug|Any CPU
		{C1C9B900-BBF9-43A7-8FC2-10361F2DB21F}.Debug|Any CPU.Build.0 = Debug|Any CPU
		{C1C9B900-BBF9-43A7-8FC2-10361F2DB21F}.Release|Any CPU.ActiveCfg = Release|Any CPU
		{C1C9B900-BBF9-43A7-8FC2-10361F2DB21F}.Release|Any CPU.Build.0 = Release|Any CPU
		{84F61D73-7120-4A5A-9AB3-5B62ECC130D8}.Debug|Any CPU.ActiveCfg = Debug|Any CPU
		{84F61D73-7120-4A5A-9AB3-5B62ECC130D8}.Debug|Any CPU.Build.0 = Debug|Any CPU
		{84F61D73-7120-4A5A-9AB3-5B62ECC130D8}.Release|Any CPU.ActiveCfg = Release|Any CPU
		{84F61D73-7120-4A5A-9AB3-5B62ECC130D8}.Release|Any CPU.Build.0 = Release|Any CPU
		{0230C736-F0E0-475B-9466-BA088670417D}.Debug|Any CPU.ActiveCfg = Debug|Any CPU
		{0230C736-F0E0-475B-9466-BA088670417D}.Debug|Any CPU.Build.0 = Debug|Any CPU
		{0230C736-F0E0-475B-9466-BA088670417D}.Release|Any CPU.ActiveCfg = Release|Any CPU
		{0230C736-F0E0-475B-9466-BA088670417D}.Release|Any CPU.Build.0 = Release|Any CPU
		{6DC7EFCA-B7A0-4ED6-9D1A-CBDAEC22A163}.Debug|Any CPU.ActiveCfg = Debug|Any CPU
		{6DC7EFCA-B7A0-4ED6-9D1A-CBDAEC22A163}.Debug|Any CPU.Build.0 = Debug|Any CPU
		{6DC7EFCA-B7A0-4ED6-9D1A-CBDAEC22A163}.Release|Any CPU.ActiveCfg = Release|Any CPU
		{6DC7EFCA-B7A0-4ED6-9D1A-CBDAEC22A163}.Release|Any CPU.Build.0 = Release|Any CPU
		{B34EB700-DBC6-4142-A4D6-946BCF3F7825}.Debug|Any CPU.ActiveCfg = Debug|Any CPU
		{B34EB700-DBC6-4142-A4D6-946BCF3F7825}.Debug|Any CPU.Build.0 = Debug|Any CPU
		{B34EB700-DBC6-4142-A4D6-946BCF3F7825}.Release|Any CPU.ActiveCfg = Release|Any CPU
		{B34EB700-DBC6-4142-A4D6-946BCF3F7825}.Release|Any CPU.Build.0 = Release|Any CPU
		{ADE2604F-F4C2-42DC-933D-607EE1B999BF}.Debug|Any CPU.ActiveCfg = Debug|Any CPU
		{ADE2604F-F4C2-42DC-933D-607EE1B999BF}.Debug|Any CPU.Build.0 = Debug|Any CPU
		{ADE2604F-F4C2-42DC-933D-607EE1B999BF}.Release|Any CPU.ActiveCfg = Release|Any CPU
		{ADE2604F-F4C2-42DC-933D-607EE1B999BF}.Release|Any CPU.Build.0 = Release|Any CPU
		{B0038137-5468-40BE-AD5D-F003AFAA2F67}.Debug|Any CPU.ActiveCfg = Debug|Any CPU
		{B0038137-5468-40BE-AD5D-F003AFAA2F67}.Debug|Any CPU.Build.0 = Debug|Any CPU
		{B0038137-5468-40BE-AD5D-F003AFAA2F67}.Release|Any CPU.ActiveCfg = Release|Any CPU
		{B0038137-5468-40BE-AD5D-F003AFAA2F67}.Release|Any CPU.Build.0 = Release|Any CPU
		{74B000CE-96E0-44F8-920F-16A3FBD280BF}.Debug|Any CPU.ActiveCfg = Debug|Any CPU
		{74B000CE-96E0-44F8-920F-16A3FBD280BF}.Debug|Any CPU.Build.0 = Debug|Any CPU
		{74B000CE-96E0-44F8-920F-16A3FBD280BF}.Release|Any CPU.ActiveCfg = Release|Any CPU
		{74B000CE-96E0-44F8-920F-16A3FBD280BF}.Release|Any CPU.Build.0 = Release|Any CPU
		{53275B17-9C24-453C-9603-24B952F3D183}.Debug|Any CPU.ActiveCfg = Debug|Any CPU
		{53275B17-9C24-453C-9603-24B952F3D183}.Debug|Any CPU.Build.0 = Debug|Any CPU
		{53275B17-9C24-453C-9603-24B952F3D183}.Release|Any CPU.ActiveCfg = Release|Any CPU
		{53275B17-9C24-453C-9603-24B952F3D183}.Release|Any CPU.Build.0 = Release|Any CPU
		{F47636DF-EA4F-4466-B4AB-99C3388E166D}.Debug|Any CPU.ActiveCfg = Debug|Any CPU
		{F47636DF-EA4F-4466-B4AB-99C3388E166D}.Debug|Any CPU.Build.0 = Debug|Any CPU
		{F47636DF-EA4F-4466-B4AB-99C3388E166D}.Release|Any CPU.ActiveCfg = Release|Any CPU
		{F47636DF-EA4F-4466-B4AB-99C3388E166D}.Release|Any CPU.Build.0 = Release|Any CPU
		{E3DDBAA5-25E9-4A34-8C4E-1519D6D01B81}.Debug|Any CPU.ActiveCfg = Debug|Any CPU
		{E3DDBAA5-25E9-4A34-8C4E-1519D6D01B81}.Debug|Any CPU.Build.0 = Debug|Any CPU
		{E3DDBAA5-25E9-4A34-8C4E-1519D6D01B81}.Release|Any CPU.ActiveCfg = Release|Any CPU
		{E3DDBAA5-25E9-4A34-8C4E-1519D6D01B81}.Release|Any CPU.Build.0 = Release|Any CPU
		{A8305482-5CEB-4CC2-9F7E-B61041EE95D0}.Debug|Any CPU.ActiveCfg = Debug|Any CPU
		{A8305482-5CEB-4CC2-9F7E-B61041EE95D0}.Debug|Any CPU.Build.0 = Debug|Any CPU
		{A8305482-5CEB-4CC2-9F7E-B61041EE95D0}.Release|Any CPU.ActiveCfg = Release|Any CPU
		{A8305482-5CEB-4CC2-9F7E-B61041EE95D0}.Release|Any CPU.Build.0 = Release|Any CPU
		{D238888C-E95D-470B-B39A-70459F97C71A}.Debug|Any CPU.ActiveCfg = Debug|Any CPU
		{D238888C-E95D-470B-B39A-70459F97C71A}.Debug|Any CPU.Build.0 = Debug|Any CPU
		{D238888C-E95D-470B-B39A-70459F97C71A}.Release|Any CPU.ActiveCfg = Release|Any CPU
		{D238888C-E95D-470B-B39A-70459F97C71A}.Release|Any CPU.Build.0 = Release|Any CPU
		{F70A48D0-A2D5-46F5-AE91-CF7F9E75B07E}.Debug|Any CPU.ActiveCfg = Debug|Any CPU
		{F70A48D0-A2D5-46F5-AE91-CF7F9E75B07E}.Debug|Any CPU.Build.0 = Debug|Any CPU
		{F70A48D0-A2D5-46F5-AE91-CF7F9E75B07E}.Release|Any CPU.ActiveCfg = Release|Any CPU
		{F70A48D0-A2D5-46F5-AE91-CF7F9E75B07E}.Release|Any CPU.Build.0 = Release|Any CPU
	EndGlobalSection
	GlobalSection(SolutionProperties) = preSolution
		HideSolutionNode = FALSE
	EndGlobalSection
	GlobalSection(ExtensibilityGlobals) = postSolution
		SolutionGuid = {DF35F766-D3D2-408F-988B-2F540D9E3614}
	EndGlobalSection
	GlobalSection(NestedProjects) = preSolution
		{C1C9B900-BBF9-43A7-8FC2-10361F2DB21F} = {AFDD7B5F-03A9-4BC6-9EB4-17AB8801D814}
		{84F61D73-7120-4A5A-9AB3-5B62ECC130D8} = {AFDD7B5F-03A9-4BC6-9EB4-17AB8801D814}
		{0230C736-F0E0-475B-9466-BA088670417D} = {AFDD7B5F-03A9-4BC6-9EB4-17AB8801D814}
		{6DC7EFCA-B7A0-4ED6-9D1A-CBDAEC22A163} = {AFDD7B5F-03A9-4BC6-9EB4-17AB8801D814}
		{B34EB700-DBC6-4142-A4D6-946BCF3F7825} = {AFDD7B5F-03A9-4BC6-9EB4-17AB8801D814}
		{ADE2604F-F4C2-42DC-933D-607EE1B999BF} = {AFDD7B5F-03A9-4BC6-9EB4-17AB8801D814}
		{B0038137-5468-40BE-AD5D-F003AFAA2F67} = {AFDD7B5F-03A9-4BC6-9EB4-17AB8801D814}
		{74B000CE-96E0-44F8-920F-16A3FBD280BF} = {AFDD7B5F-03A9-4BC6-9EB4-17AB8801D814}
		{53275B17-9C24-453C-9603-24B952F3D183} = {AFDD7B5F-03A9-4BC6-9EB4-17AB8801D814}
		{F47636DF-EA4F-4466-B4AB-99C3388E166D} = {AFDD7B5F-03A9-4BC6-9EB4-17AB8801D814}
		{E3DDBAA5-25E9-4A34-8C4E-1519D6D01B81} = {AFDD7B5F-03A9-4BC6-9EB4-17AB8801D814}
		{A8305482-5CEB-4CC2-9F7E-B61041EE95D0} = {AFDD7B5F-03A9-4BC6-9EB4-17AB8801D814}
		{D238888C-E95D-470B-B39A-70459F97C71A} = {AFDD7B5F-03A9-4BC6-9EB4-17AB8801D814}
		{F70A48D0-A2D5-46F5-AE91-CF7F9E75B07E} = {AFDD7B5F-03A9-4BC6-9EB4-17AB8801D814}
	EndGlobalSection
EndGlobal
